
Microsoft Visual Studio Solution File, Format Version 12.00
# Visual Studio Version 16
VisualStudioVersion = 16.0.30717.126
MinimumVisualStudioVersion = 10.0.40219.1
Project("{FAE04EC0-301F-11D3-BF4B-00C04F79EFBC}") = "SimpleCaptcha", "SimpleCaptcha\SimpleCaptcha.csproj", "{D8B01B10-8EEE-44B6-8F33-14C22FEF339B}"
EndProject
Global
	GlobalSection(SolutionConfigurationPlatforms) = preSolution
		Debug|Any CPU = Debug|Any CPU
		Release|Any CPU = Release|Any CPU
	EndGlobalSection
	GlobalSection(ProjectConfigurationPlatforms) = postSolution
		{D8B01B10-8EEE-44B6-8F33-14C22FEF339B}.Debug|Any CPU.ActiveCfg = Debug|Any CPU
		{D8B01B10-8EEE-44B6-8F33-14C22FEF339B}.Debug|Any CPU.Build.0 = Debug|Any CPU
		{D8B01B10-8EEE-44B6-8F33-14C22FEF339B}.Release|Any CPU.ActiveCfg = Release|Any CPU
		{D8B01B10-8EEE-44B6-8F33-14C22FEF339B}.Release|Any CPU.Build.0 = Release|Any CPU
	EndGlobalSection
	GlobalSection(SolutionProperties) = preSolution
		HideSolutionNode = FALSE
	EndGlobalSection
	GlobalSection(ExtensibilityGlobals) = postSolution
		SolutionGuid = {45EA63C6-7B0D-4CC9-A41D-575A8AA2D895}
	EndGlobalSection
EndGlobal
